
Microsoft Visual Studio Solution File, Format Version 12.00
# Visual Studio 15
VisualStudioVersion = 15.0.28307.645
MinimumVisualStudioVersion = 10.0.40219.1
Project("{FAE04EC0-301F-11D3-BF4B-00C04F79EFBC}") = "Proyecto_Estacionamiento", "Proyecto_Estacionamiento\Proyecto_Estacionamiento.csproj", "{F042AD6E-5631-410E-AB1A-9FB5BD1FEF44}"
EndProject
Global
	GlobalSection(SolutionConfigurationPlatforms) = preSolution
		Debug|Any CPU = Debug|Any CPU
		Release|Any CPU = Release|Any CPU
	EndGlobalSection
	GlobalSection(ProjectConfigurationPlatforms) = postSolution
		{F042AD6E-5631-410E-AB1A-9FB5BD1FEF44}.Debug|Any CPU.ActiveCfg = Debug|Any CPU
		{F042AD6E-5631-410E-AB1A-9FB5BD1FEF44}.Debug|Any CPU.Build.0 = Debug|Any CPU
		{F042AD6E-5631-410E-AB1A-9FB5BD1FEF44}.Release|Any CPU.ActiveCfg = Release|Any CPU
		{F042AD6E-5631-410E-AB1A-9FB5BD1FEF44}.Release|Any CPU.Build.0 = Release|Any CPU
	EndGlobalSection
	GlobalSection(SolutionProperties) = preSolution
		HideSolutionNode = FALSE
	EndGlobalSection
	GlobalSection(ExtensibilityGlobals) = postSolution
		SolutionGuid = {437CF034-2EF4-4431-B034-018A1BD1AEA4}
	EndGlobalSection
EndGlobal
